<?xml version="1.0" encoding="utf-8"?>
<Project ToolsVersion="4.0" xmlns="http://schemas.microsoft.com/developer/msbuild/2003">
  <ItemGroup>
    <Filter Include="소스 파일">
      <UniqueIdentifier>{4FC737F1-C7A5-4376-A066-2A32D752A2FF}</UniqueIdentifier>
      <Extensions>cpp;c;cc;cxx;c++;cppm;ixx;def;odl;idl;hpj;bat;asm;asmx</Extensions>
    </Filter>
    <Filter Include="헤더 파일">
      <UniqueIdentifier>{93995380-89BD-4b04-88EB-625FBE52EBFB}</UniqueIdentifier>
      <Extensions>h;hh;hpp;hxx;h++;hm;inl;inc;ipp;xsd</Extensions>
    </Filter>
    <Filter Include="리소스 파일">
      <UniqueIdentifier>{67DA6AB6-F800-4c08-8B7A-83BB121AAD01}</UniqueIdentifier>
      <Extensions>rc;ico;cur;bmp;dlg;rc2;rct;bin;rgs;gif;jpg;jpeg;jpe;resx;tiff;tif;png;wav;mfcribbon-ms</Extensions>
    </Filter>
  </ItemGroup>
  <ItemGroup>
    <ClCompile Include="집그리기.cpp">
      <Filter>소스 파일</Filter>
    </ClCompile>
    <ClCompile Include="..\..\..\..\..\OneDrive\바탕 화면\2024 2학기\그래픽스\PPT\그래픽스 파일들\Opengl-source_Only\Opengl-source_22\5_5 %28리셰이프 콜백%29\5_5 네모 출력.cpp">
      <Filter>소스 파일</Filter>
    </ClCompile>
    <ClCompile Include="..\..\..\..\..\OneDrive\바탕 화면\2024 2학기\그래픽스\PPT\그래픽스 파일들\Opengl-source_Only\Opengl-source_22\5_6 %28키보드 콜백%29\5_6키보드 입력.cpp">
      <Filter>소스 파일</Filter>
    </ClCompile>
    <ClCompile Include="..\..\..\..\..\OneDrive\바탕 화면\2024 2학기\그래픽스\PPT\그래픽스 파일들\Opengl-source_Only\Opengl-source_22\5_7 %28마우스 콜백%29\5_7마우스 드래그.cpp">
      <Filter>소스 파일</Filter>
    </ClCompile>
    <ClCompile Include="..\..\..\..\..\OneDrive\바탕 화면\2024 2학기\그래픽스\PPT\그래픽스 파일들\Opengl-source_Only\Opengl-source_22\5_8 %28메뉴 콜백%29\5_8메뉴 조작.cpp">
      <Filter>소스 파일</Filter>
    </ClCompile>
    <ClCompile Include="..\..\..\..\..\OneDrive\바탕 화면\2024 2학기\그래픽스\PPT\그래픽스 파일들\Opengl-source_Only\Opengl-source_22\5_9 %28계단식 메뉴%29\5_9메뉴 조작2.cpp">
      <Filter>소스 파일</Filter>
    </ClCompile>
    <ClCompile Include="..\..\..\..\..\OneDrive\바탕 화면\2024 2학기\그래픽스\PPT\그래픽스 파일들\Opengl-source_Only\Opengl-source_22\5_10 %28아이들 콜백%29\5_10네모 튕기기.cpp">
      <Filter>소스 파일</Filter>
    </ClCompile>
    <ClCompile Include="..\..\..\..\..\OneDrive\바탕 화면\2024 2학기\그래픽스\PPT\그래픽스 파일들\Opengl-source_Only\Opengl-source_22\5_11 %28타이머 콜백%29\5_11오브젝트 2개 이동.cpp">
      <Filter>소스 파일</Filter>
    </ClCompile>
    <ClCompile Include="..\..\..\..\..\OneDrive\바탕 화면\2024 2학기\그래픽스\PPT\그래픽스 파일들\Opengl-source_Only\Opengl-source_22\5_12 %28타이머 콜백II%29\5_12타이머 눈뽕.cpp">
      <Filter>소스 파일</Filter>
    </ClCompile>
    <ClCompile Include="..\..\..\..\..\OneDrive\바탕 화면\2024 2학기\그래픽스\PPT\그래픽스 파일들\Opengl-source_Only\Opengl-source_22\5_13 %28정점배열%29\5_13큐브 회전.cpp">
      <Filter>소스 파일</Filter>
    </ClCompile>
    <ClCompile Include="시계.cpp">
      <Filter>소스 파일</Filter>
    </ClCompile>
    <ClCompile Include="..\..\..\..\..\OneDrive\바탕 화면\2024 2학기\그래픽스\PPT\그래픽스 파일들\Opengl-source_Only\Opengl-source_22\5_14 %28디스플레이 리스트%29\5_14디스플레이 리스트.cpp">
      <Filter>소스 파일</Filter>
    </ClCompile>
    <ClCompile Include="..\..\..\..\..\OneDrive\바탕 화면\2024 2학기\그래픽스\PPT\그래픽스 파일들\Opengl-source_Only\Opengl-source_22\6_8 %28시점변환%29\6_8조명,뷰포트.cpp">
      <Filter>소스 파일</Filter>
    </ClCompile>
    <ClCompile Include="..\..\..\..\..\OneDrive\바탕 화면\2024 2학기\그래픽스\PPT\그래픽스 파일들\Opengl-source_Only\Opengl-source_22\6_6 %28태양계 모델링%29\6_6태양계 시뮬레이션.cpp">
      <Filter>소스 파일</Filter>
    </ClCompile>
    <ClCompile Include="..\..\..\..\..\OneDrive\바탕 화면\2024 2학기\그래픽스\PPT\그래픽스 파일들\Opengl-source_Only\Opengl-source_22\6_3 %28기하변환%29\6_3기하변환.cpp">
      <Filter>소스 파일</Filter>
    </ClCompile>
    <ClCompile Include="두더지 경주.cpp">
      <Filter>소스 파일</Filter>
    </ClCompile>
    <ClCompile Include="Viewportbase.cpp">
      <Filter>소스 파일</Filter>
    </ClCompile>
    <ClCompile Include="basicBase.cpp">
      <Filter>소스 파일</Filter>
    </ClCompile>
    <ClCompile Include="클릭하면 녹색으로.cpp">
      <Filter>소스 파일</Filter>
    </ClCompile>
    <ClCompile Include="표준출력.cpp">
      <Filter>소스 파일</Filter>
    </ClCompile>
    <ClCompile Include="클릭시 사각형 이동.cpp">
      <Filter>소스 파일</Filter>
    </ClCompile>
    <ClCompile Include="경마 세로.cpp">
      <Filter>소스 파일</Filter>
    </ClCompile>
    <ClCompile Include="경마 세로 아래로.cpp">
      <Filter>소스 파일</Filter>
    </ClCompile>
    <ClCompile Include="경마 우에서 좌로.cpp">
      <Filter>소스 파일</Filter>
    </ClCompile>
    <ClCompile Include="경찰차경광등.cpp">
      <Filter>소스 파일</Filter>
    </ClCompile>
    <ClCompile Include="사각형격자게임.cpp">
      <Filter>소스 파일</Filter>
    </ClCompile>
    <ClCompile Include="두더지게임.cpp">
      <Filter>소스 파일</Filter>
    </ClCompile>
    <ClCompile Include="..\..\..\..\..\OneDrive\바탕 화면\2024 2학기\그래픽스\PPT\그래픽스 파일들\Opengl-source_Only\Opengl-source_22\6_8kbd\티팟 키보드.cpp">
      <Filter>소스 파일</Filter>
    </ClCompile>
    <ClCompile Include="원뿔_과제.cpp">
      <Filter>소스 파일</Filter>
    </ClCompile>
    <ClCompile Include="시계2%28문제 5%29.cpp">
      <Filter>소스 파일</Filter>
    </ClCompile>
    <ClCompile Include="사각형 증가 충동감지%28문제 6%29.cpp">
      <Filter>소스 파일</Filter>
    </ClCompile>
    <ClCompile Include="사각형 회전 증가 튕김%28문제 7%29.cpp">
      <Filter>소스 파일</Filter>
    </ClCompile>
    <ClCompile Include="로봇팔.cpp">
      <Filter>소스 파일</Filter>
    </ClCompile>
  </ItemGroup>
  <ItemGroup>
    <None Include="packages.config" />
  </ItemGroup>
</Project>